
Microsoft Visual Studio Solution File, Format Version 12.00
# Visual Studio 15
VisualStudioVersion = 15.0.26730.12
MinimumVisualStudioVersion = 10.0.40219.1
Project("{FAE04EC0-301F-11D3-BF4B-00C04F79EFBC}") = "PayrollSoftware", "PayrollSoftware\PayrollSoftware.csproj", "{670D5612-0608-4C80-8248-BF77AC130626}"
EndProject
Global
	GlobalSection(SolutionConfigurationPlatforms) = preSolution
		Debug|Any CPU = Debug|Any CPU
		Release|Any CPU = Release|Any CPU
	EndGlobalSection
	GlobalSection(ProjectConfigurationPlatforms) = postSolution
		{670D5612-0608-4C80-8248-BF77AC130626}.Debug|Any CPU.ActiveCfg = Debug|Any CPU
		{670D5612-0608-4C80-8248-BF77AC130626}.Debug|Any CPU.Build.0 = Debug|Any CPU
		{670D5612-0608-4C80-8248-BF77AC130626}.Release|Any CPU.ActiveCfg = Release|Any CPU
		{670D5612-0608-4C80-8248-BF77AC130626}.Release|Any CPU.Build.0 = Release|Any CPU
	EndGlobalSection
	GlobalSection(SolutionProperties) = preSolution
		HideSolutionNode = FALSE
	EndGlobalSection
	GlobalSection(ExtensibilityGlobals) = postSolution
		SolutionGuid = {DEF3C10E-B636-451F-86E9-46073B0EF637}
	EndGlobalSection
EndGlobal
